
Microsoft Visual Studio Solution File, Format Version 12.00
# Visual Studio Version 17
VisualStudioVersion = 17.8.34525.116
MinimumVisualStudioVersion = 10.0.40219.1
Project("{FAE04EC0-301F-11D3-BF4B-00C04F79EFBC}") = "Copiar_Directori", "Copiar_Directori\Copiar_Directori.csproj", "{8B6E4246-4E11-4C15-8532-EA3BF7EB48AA}"
EndProject
Global
	GlobalSection(SolutionConfigurationPlatforms) = preSolution
		Debug|Any CPU = Debug|Any CPU
		Release|Any CPU = Release|Any CPU
	EndGlobalSection
	GlobalSection(ProjectConfigurationPlatforms) = postSolution
		{8B6E4246-4E11-4C15-8532-EA3BF7EB48AA}.Debug|Any CPU.ActiveCfg = Debug|Any CPU
		{8B6E4246-4E11-4C15-8532-EA3BF7EB48AA}.Debug|Any CPU.Build.0 = Debug|Any CPU
		{8B6E4246-4E11-4C15-8532-EA3BF7EB48AA}.Release|Any CPU.ActiveCfg = Release|Any CPU
		{8B6E4246-4E11-4C15-8532-EA3BF7EB48AA}.Release|Any CPU.Build.0 = Release|Any CPU
	EndGlobalSection
	GlobalSection(SolutionProperties) = preSolution
		HideSolutionNode = FALSE
	EndGlobalSection
	GlobalSection(ExtensibilityGlobals) = postSolution
		SolutionGuid = {000D631E-47B3-426E-AEBC-463872993633}
	EndGlobalSection
EndGlobal
